
Microsoft Visual Studio Solution File, Format Version 12.00
# Visual Studio 15
VisualStudioVersion = 15.0.27130.2010
MinimumVisualStudioVersion = 10.0.40219.1
Project("{FAE04EC0-301F-11D3-BF4B-00C04F79EFBC}") = "Desenvolvimento de APIs com WebAPI", "Desenvolvimento de APIs com WebAPI\Desenvolvimento de APIs com WebAPI.csproj", "{DFC260DF-C519-480F-8BAC-C36A384C5FEE}"
EndProject
Global
	GlobalSection(SolutionConfigurationPlatforms) = preSolution
		Debug|Any CPU = Debug|Any CPU
		Release|Any CPU = Release|Any CPU
	EndGlobalSection
	GlobalSection(ProjectConfigurationPlatforms) = postSolution
		{DFC260DF-C519-480F-8BAC-C36A384C5FEE}.Debug|Any CPU.ActiveCfg = Debug|Any CPU
		{DFC260DF-C519-480F-8BAC-C36A384C5FEE}.Debug|Any CPU.Build.0 = Debug|Any CPU
		{DFC260DF-C519-480F-8BAC-C36A384C5FEE}.Release|Any CPU.ActiveCfg = Release|Any CPU
		{DFC260DF-C519-480F-8BAC-C36A384C5FEE}.Release|Any CPU.Build.0 = Release|Any CPU
	EndGlobalSection
	GlobalSection(SolutionProperties) = preSolution
		HideSolutionNode = FALSE
	EndGlobalSection
	GlobalSection(ExtensibilityGlobals) = postSolution
		SolutionGuid = {DCBA2F4C-8534-4026-9765-55EB375D5F6D}
	EndGlobalSection
EndGlobal
